
Microsoft Visual Studio Solution File, Format Version 12.00
# Visual Studio 2012
Project("{FAE04EC0-301F-11D3-BF4B-00C04F79EFBC}") = "PingIt.Wpf", "PingIt.Wpf\PingIt.Wpf.csproj", "{A2DB464D-157F-41C1-9E27-C33AE130E6F4}"
EndProject
Project("{FAE04EC0-301F-11D3-BF4B-00C04F79EFBC}") = "PingIt.Domain", "PingIt.Domain\PingIt.Domain.csproj", "{A8C08AC3-5411-4B47-A18F-253A70663251}"
EndProject
Global
	GlobalSection(SolutionConfigurationPlatforms) = preSolution
		Debug|Any CPU = Debug|Any CPU
		Release|Any CPU = Release|Any CPU
	EndGlobalSection
	GlobalSection(ProjectConfigurationPlatforms) = postSolution
		{A2DB464D-157F-41C1-9E27-C33AE130E6F4}.Debug|Any CPU.ActiveCfg = Debug|Any CPU
		{A2DB464D-157F-41C1-9E27-C33AE130E6F4}.Debug|Any CPU.Build.0 = Debug|Any CPU
		{A2DB464D-157F-41C1-9E27-C33AE130E6F4}.Release|Any CPU.ActiveCfg = Release|Any CPU
		{A2DB464D-157F-41C1-9E27-C33AE130E6F4}.Release|Any CPU.Build.0 = Release|Any CPU
		{A8C08AC3-5411-4B47-A18F-253A70663251}.Debug|Any CPU.ActiveCfg = Debug|Any CPU
		{A8C08AC3-5411-4B47-A18F-253A70663251}.Debug|Any CPU.Build.0 = Debug|Any CPU
		{A8C08AC3-5411-4B47-A18F-253A70663251}.Release|Any CPU.ActiveCfg = Release|Any CPU
		{A8C08AC3-5411-4B47-A18F-253A70663251}.Release|Any CPU.Build.0 = Release|Any CPU
	EndGlobalSection
	GlobalSection(SolutionProperties) = preSolution
		HideSolutionNode = FALSE
	EndGlobalSection
EndGlobal
